
Microsoft Visual Studio Solution File, Format Version 12.00
# Visual Studio Version 17
VisualStudioVersion = 17.1.32328.378
MinimumVisualStudioVersion = 10.0.40219.1
Project("{2150E333-8FDC-42A3-9474-1A3956D46DE8}") = "Sources", "Sources", "{6B1F8DC8-7C08-4479-850C-944D741F4978}"
EndProject
Project("{9A19103F-16F7-4668-BE54-9A1E7A4F7556}") = "MlcAccounting.Api", "Sources\Api\MlcAccounting.Api.csproj", "{8CACC914-E331-4665-BE60-36E8FC4C7968}"
EndProject
Project("{2150E333-8FDC-42A3-9474-1A3956D46DE8}") = "Tests", "Tests", "{3745FD67-DAE0-4530-A22F-35DE499023A2}"
EndProject
Project("{2150E333-8FDC-42A3-9474-1A3956D46DE8}") = "Solution Items", "Solution Items", "{CB4A48B8-BF4F-4785-8938-89FB715CB71C}"
	ProjectSection(SolutionItems) = preProject
		docker-compose.sh = docker-compose.sh
		docker-compose.yml = docker-compose.yml
	EndProjectSection
EndProject
Project("{9A19103F-16F7-4668-BE54-9A1E7A4F7556}") = "MlcAccounting.Common", "Sources\Common\MlcAccounting.Common.csproj", "{15D9E64A-3658-4D50-AE83-EC3E86D689AC}"
EndProject
Project("{2150E333-8FDC-42A3-9474-1A3956D46DE8}") = "Referential", "Referential", "{0F957722-98B5-4111-B8D3-74EE071184B2}"
EndProject
Project("{9A19103F-16F7-4668-BE54-9A1E7A4F7556}") = "MlcAccounting.Referential.Domain", "Sources\Referential\Domain\MlcAccounting.Referential.Domain.csproj", "{DE4F26ED-64F4-4B2E-A52C-7DF5CF1C5095}"
EndProject
Project("{9A19103F-16F7-4668-BE54-9A1E7A4F7556}") = "MlcAccounting.Referential.Infrastructure", "Sources\Referential\Infrastructure\MlcAccounting.Referential.Infrastructure.csproj", "{D0EBBA5E-36A8-47E6-8951-7037905DFC1D}"
EndProject
Project("{9A19103F-16F7-4668-BE54-9A1E7A4F7556}") = "MlcAccounting.Referential.Api", "Sources\Referential\Api\MlcAccounting.Referential.Api.csproj", "{696A9C7B-CC6D-4757-BD0E-D117259B61FC}"
EndProject
Project("{2150E333-8FDC-42A3-9474-1A3956D46DE8}") = "Integration", "Integration", "{EED439A9-D80B-4F59-BEC0-406A1D2D6722}"
EndProject
Project("{9A19103F-16F7-4668-BE54-9A1E7A4F7556}") = "MlcAccounting.Integration.Domain", "Sources\Integration\Domain\MlcAccounting.Integration.Domain.csproj", "{1F05ADE5-17BE-46DF-AEC9-A98537E76C76}"
EndProject
Project("{9A19103F-16F7-4668-BE54-9A1E7A4F7556}") = "MlcAccounting.Integration.Infrastructure", "Sources\Integration\Infrastructure\MlcAccounting.Integration.Infrastructure.csproj", "{AA8911A9-2CD1-4F07-9A51-DEAA4C4F94FD}"
EndProject
Project("{9A19103F-16F7-4668-BE54-9A1E7A4F7556}") = "MlcAccounting.Integration.Api", "Sources\Integration\Api\MlcAccounting.Integration.Api.csproj", "{A2CEDFED-6C86-483B-9CB7-05D9A7346B91}"
EndProject
Project("{2150E333-8FDC-42A3-9474-1A3956D46DE8}") = "Unit", "Unit", "{925153FD-2710-45BC-851A-CFD7199FB32E}"
EndProject
Project("{2150E333-8FDC-42A3-9474-1A3956D46DE8}") = "Integration", "Integration", "{AEEDCFC8-8221-407E-8479-38EEAD83D88B}"
EndProject
Project("{2150E333-8FDC-42A3-9474-1A3956D46DE8}") = "System", "System", "{A049D11D-068F-4DDE-8955-99D82071D2D4}"
EndProject
Project("{2150E333-8FDC-42A3-9474-1A3956D46DE8}") = "Common", "Common", "{98AB5745-1595-4723-9C0F-9226D50F92C6}"
EndProject
Project("{9A19103F-16F7-4668-BE54-9A1E7A4F7556}") = "MlcAccounting.Tests.Common", "Tests\Common\MlcAccounting.Tests.Common.csproj", "{DDFBE9B0-7E29-4ABE-BF7F-04E43B6CC4C7}"
EndProject
Project("{9A19103F-16F7-4668-BE54-9A1E7A4F7556}") = "MlcAccounting.Referential.Tests.Unit", "Tests\Unit\Referential\MlcAccounting.Referential.Tests.Unit.csproj", "{6A3741D0-681D-4C74-9888-A13F58C63CF0}"
EndProject
Project("{9A19103F-16F7-4668-BE54-9A1E7A4F7556}") = "MlcAccounting.Integration.Tests.Unit", "Tests\Unit\Integration\MlcAccounting.Integration.Tests.Unit.csproj", "{C07EFE0D-52D8-48C2-BFE0-366BEACACD82}"
EndProject
Project("{9A19103F-16F7-4668-BE54-9A1E7A4F7556}") = "MlcAccounting.Tests.System", "Tests\System\MlcAccounting.Tests.System.csproj", "{31083AB6-2343-41DA-BFEA-D3FBC515E999}"
EndProject
Project("{9A19103F-16F7-4668-BE54-9A1E7A4F7556}") = "MlcAccounting.Referential.Tests.Integration", "Tests\Integration\Referential\MlcAccounting.Referential.Tests.Integration.csproj", "{B8A4136F-9035-4FBC-8FE4-59F645256E12}"
EndProject
Project("{9A19103F-16F7-4668-BE54-9A1E7A4F7556}") = "MlcAccounting.Integration.Tests.Integration", "Tests\Integration\Integration\MlcAccounting.Integration.Tests.Integration.csproj", "{A4E7D8EB-C50D-4365-9313-D34C01698A76}"
EndProject
Global
	GlobalSection(SolutionConfigurationPlatforms) = preSolution
		Debug|Any CPU = Debug|Any CPU
		Release|Any CPU = Release|Any CPU
	EndGlobalSection
	GlobalSection(ProjectConfigurationPlatforms) = postSolution
		{8CACC914-E331-4665-BE60-36E8FC4C7968}.Debug|Any CPU.ActiveCfg = Debug|Any CPU
		{8CACC914-E331-4665-BE60-36E8FC4C7968}.Debug|Any CPU.Build.0 = Debug|Any CPU
		{8CACC914-E331-4665-BE60-36E8FC4C7968}.Release|Any CPU.ActiveCfg = Release|Any CPU
		{8CACC914-E331-4665-BE60-36E8FC4C7968}.Release|Any CPU.Build.0 = Release|Any CPU
		{15D9E64A-3658-4D50-AE83-EC3E86D689AC}.Debug|Any CPU.ActiveCfg = Debug|Any CPU
		{15D9E64A-3658-4D50-AE83-EC3E86D689AC}.Debug|Any CPU.Build.0 = Debug|Any CPU
		{15D9E64A-3658-4D50-AE83-EC3E86D689AC}.Release|Any CPU.ActiveCfg = Release|Any CPU
		{15D9E64A-3658-4D50-AE83-EC3E86D689AC}.Release|Any CPU.Build.0 = Release|Any CPU
		{DE4F26ED-64F4-4B2E-A52C-7DF5CF1C5095}.Debug|Any CPU.ActiveCfg = Debug|Any CPU
		{DE4F26ED-64F4-4B2E-A52C-7DF5CF1C5095}.Debug|Any CPU.Build.0 = Debug|Any CPU
		{DE4F26ED-64F4-4B2E-A52C-7DF5CF1C5095}.Release|Any CPU.ActiveCfg = Release|Any CPU
		{DE4F26ED-64F4-4B2E-A52C-7DF5CF1C5095}.Release|Any CPU.Build.0 = Release|Any CPU
		{D0EBBA5E-36A8-47E6-8951-7037905DFC1D}.Debug|Any CPU.ActiveCfg = Debug|Any CPU
		{D0EBBA5E-36A8-47E6-8951-7037905DFC1D}.Debug|Any CPU.Build.0 = Debug|Any CPU
		{D0EBBA5E-36A8-47E6-8951-7037905DFC1D}.Release|Any CPU.ActiveCfg = Release|Any CPU
		{D0EBBA5E-36A8-47E6-8951-7037905DFC1D}.Release|Any CPU.Build.0 = Release|Any CPU
		{696A9C7B-CC6D-4757-BD0E-D117259B61FC}.Debug|Any CPU.ActiveCfg = Debug|Any CPU
		{696A9C7B-CC6D-4757-BD0E-D117259B61FC}.Debug|Any CPU.Build.0 = Debug|Any CPU
		{696A9C7B-CC6D-4757-BD0E-D117259B61FC}.Release|Any CPU.ActiveCfg = Release|Any CPU
		{696A9C7B-CC6D-4757-BD0E-D117259B61FC}.Release|Any CPU.Build.0 = Release|Any CPU
		{1F05ADE5-17BE-46DF-AEC9-A98537E76C76}.Debug|Any CPU.ActiveCfg = Debug|Any CPU
		{1F05ADE5-17BE-46DF-AEC9-A98537E76C76}.Debug|Any CPU.Build.0 = Debug|Any CPU
		{1F05ADE5-17BE-46DF-AEC9-A98537E76C76}.Release|Any CPU.ActiveCfg = Release|Any CPU
		{1F05ADE5-17BE-46DF-AEC9-A98537E76C76}.Release|Any CPU.Build.0 = Release|Any CPU
		{AA8911A9-2CD1-4F07-9A51-DEAA4C4F94FD}.Debug|Any CPU.ActiveCfg = Debug|Any CPU
		{AA8911A9-2CD1-4F07-9A51-DEAA4C4F94FD}.Debug|Any CPU.Build.0 = Debug|Any CPU
		{AA8911A9-2CD1-4F07-9A51-DEAA4C4F94FD}.Release|Any CPU.ActiveCfg = Release|Any CPU
		{AA8911A9-2CD1-4F07-9A51-DEAA4C4F94FD}.Release|Any CPU.Build.0 = Release|Any CPU
		{A2CEDFED-6C86-483B-9CB7-05D9A7346B91}.Debug|Any CPU.ActiveCfg = Debug|Any CPU
		{A2CEDFED-6C86-483B-9CB7-05D9A7346B91}.Debug|Any CPU.Build.0 = Debug|Any CPU
		{A2CEDFED-6C86-483B-9CB7-05D9A7346B91}.Release|Any CPU.ActiveCfg = Release|Any CPU
		{A2CEDFED-6C86-483B-9CB7-05D9A7346B91}.Release|Any CPU.Build.0 = Release|Any CPU
		{DDFBE9B0-7E29-4ABE-BF7F-04E43B6CC4C7}.Debug|Any CPU.ActiveCfg = Debug|Any CPU
		{DDFBE9B0-7E29-4ABE-BF7F-04E43B6CC4C7}.Debug|Any CPU.Build.0 = Debug|Any CPU
		{DDFBE9B0-7E29-4ABE-BF7F-04E43B6CC4C7}.Release|Any CPU.ActiveCfg = Release|Any CPU
		{DDFBE9B0-7E29-4ABE-BF7F-04E43B6CC4C7}.Release|Any CPU.Build.0 = Release|Any CPU
		{6A3741D0-681D-4C74-9888-A13F58C63CF0}.Debug|Any CPU.ActiveCfg = Debug|Any CPU
		{6A3741D0-681D-4C74-9888-A13F58C63CF0}.Debug|Any CPU.Build.0 = Debug|Any CPU
		{6A3741D0-681D-4C74-9888-A13F58C63CF0}.Release|Any CPU.ActiveCfg = Release|Any CPU
		{6A3741D0-681D-4C74-9888-A13F58C63CF0}.Release|Any CPU.Build.0 = Release|Any CPU
		{C07EFE0D-52D8-48C2-BFE0-366BEACACD82}.Debug|Any CPU.ActiveCfg = Debug|Any CPU
		{C07EFE0D-52D8-48C2-BFE0-366BEACACD82}.Debug|Any CPU.Build.0 = Debug|Any CPU
		{C07EFE0D-52D8-48C2-BFE0-366BEACACD82}.Release|Any CPU.ActiveCfg = Release|Any CPU
		{C07EFE0D-52D8-48C2-BFE0-366BEACACD82}.Release|Any CPU.Build.0 = Release|Any CPU
		{31083AB6-2343-41DA-BFEA-D3FBC515E999}.Debug|Any CPU.ActiveCfg = Debug|Any CPU
		{31083AB6-2343-41DA-BFEA-D3FBC515E999}.Debug|Any CPU.Build.0 = Debug|Any CPU
		{31083AB6-2343-41DA-BFEA-D3FBC515E999}.Release|Any CPU.ActiveCfg = Release|Any CPU
		{31083AB6-2343-41DA-BFEA-D3FBC515E999}.Release|Any CPU.Build.0 = Release|Any CPU
		{B8A4136F-9035-4FBC-8FE4-59F645256E12}.Debug|Any CPU.ActiveCfg = Debug|Any CPU
		{B8A4136F-9035-4FBC-8FE4-59F645256E12}.Debug|Any CPU.Build.0 = Debug|Any CPU
		{B8A4136F-9035-4FBC-8FE4-59F645256E12}.Release|Any CPU.ActiveCfg = Release|Any CPU
		{B8A4136F-9035-4FBC-8FE4-59F645256E12}.Release|Any CPU.Build.0 = Release|Any CPU
		{A4E7D8EB-C50D-4365-9313-D34C01698A76}.Debug|Any CPU.ActiveCfg = Debug|Any CPU
		{A4E7D8EB-C50D-4365-9313-D34C01698A76}.Debug|Any CPU.Build.0 = Debug|Any CPU
		{A4E7D8EB-C50D-4365-9313-D34C01698A76}.Release|Any CPU.ActiveCfg = Release|Any CPU
		{A4E7D8EB-C50D-4365-9313-D34C01698A76}.Release|Any CPU.Build.0 = Release|Any CPU
	EndGlobalSection
	GlobalSection(SolutionProperties) = preSolution
		HideSolutionNode = FALSE
	EndGlobalSection
	GlobalSection(NestedProjects) = preSolution
		{8CACC914-E331-4665-BE60-36E8FC4C7968} = {6B1F8DC8-7C08-4479-850C-944D741F4978}
		{15D9E64A-3658-4D50-AE83-EC3E86D689AC} = {6B1F8DC8-7C08-4479-850C-944D741F4978}
		{0F957722-98B5-4111-B8D3-74EE071184B2} = {6B1F8DC8-7C08-4479-850C-944D741F4978}
		{DE4F26ED-64F4-4B2E-A52C-7DF5CF1C5095} = {0F957722-98B5-4111-B8D3-74EE071184B2}
		{D0EBBA5E-36A8-47E6-8951-7037905DFC1D} = {0F957722-98B5-4111-B8D3-74EE071184B2}
		{696A9C7B-CC6D-4757-BD0E-D117259B61FC} = {0F957722-98B5-4111-B8D3-74EE071184B2}
		{EED439A9-D80B-4F59-BEC0-406A1D2D6722} = {6B1F8DC8-7C08-4479-850C-944D741F4978}
		{1F05ADE5-17BE-46DF-AEC9-A98537E76C76} = {EED439A9-D80B-4F59-BEC0-406A1D2D6722}
		{AA8911A9-2CD1-4F07-9A51-DEAA4C4F94FD} = {EED439A9-D80B-4F59-BEC0-406A1D2D6722}
		{A2CEDFED-6C86-483B-9CB7-05D9A7346B91} = {EED439A9-D80B-4F59-BEC0-406A1D2D6722}
		{925153FD-2710-45BC-851A-CFD7199FB32E} = {3745FD67-DAE0-4530-A22F-35DE499023A2}
		{AEEDCFC8-8221-407E-8479-38EEAD83D88B} = {3745FD67-DAE0-4530-A22F-35DE499023A2}
		{A049D11D-068F-4DDE-8955-99D82071D2D4} = {3745FD67-DAE0-4530-A22F-35DE499023A2}
		{98AB5745-1595-4723-9C0F-9226D50F92C6} = {3745FD67-DAE0-4530-A22F-35DE499023A2}
		{DDFBE9B0-7E29-4ABE-BF7F-04E43B6CC4C7} = {98AB5745-1595-4723-9C0F-9226D50F92C6}
		{6A3741D0-681D-4C74-9888-A13F58C63CF0} = {925153FD-2710-45BC-851A-CFD7199FB32E}
		{C07EFE0D-52D8-48C2-BFE0-366BEACACD82} = {925153FD-2710-45BC-851A-CFD7199FB32E}
		{31083AB6-2343-41DA-BFEA-D3FBC515E999} = {A049D11D-068F-4DDE-8955-99D82071D2D4}
		{B8A4136F-9035-4FBC-8FE4-59F645256E12} = {AEEDCFC8-8221-407E-8479-38EEAD83D88B}
		{A4E7D8EB-C50D-4365-9313-D34C01698A76} = {AEEDCFC8-8221-407E-8479-38EEAD83D88B}
	EndGlobalSection
	GlobalSection(ExtensibilityGlobals) = postSolution
		SolutionGuid = {66F36723-22E3-4E64-982D-79325D4FFE4E}
	EndGlobalSection
EndGlobal
