
Microsoft Visual Studio Solution File, Format Version 12.00
# Visual Studio Version 17
VisualStudioVersion = 17.1.32328.378
MinimumVisualStudioVersion = 10.0.40219.1
Project("{2150E333-8FDC-42A3-9474-1A3956D46DE8}") = "Sources", "Sources", "{6DC99053-389A-4013-AA7B-A29C63679A2E}"
EndProject
Project("{9A19103F-16F7-4668-BE54-9A1E7A4F7556}") = "MlcAccounting.Api", "Sources\Api\MlcAccounting.Api.csproj", "{7700BF07-2173-4CBE-A296-E85A473CC8A9}"
EndProject
Project("{9A19103F-16F7-4668-BE54-9A1E7A4F7556}") = "MlcAccounting.Domain", "Sources\Domain\MlcAccounting.Domain.csproj", "{DD7E16AB-602B-49DA-A5F3-DF92F9ADB82F}"
EndProject
Project("{9A19103F-16F7-4668-BE54-9A1E7A4F7556}") = "MlcAccounting.Infrastructure", "Sources\Infrastructure\MlcAccounting.Infrastructure.csproj", "{6158A80A-E3D8-402D-8C17-BE0FD1EF2F48}"
EndProject
Project("{9A19103F-16F7-4668-BE54-9A1E7A4F7556}") = "MlcAccounting.Worker", "Sources\Worker\MlcAccounting.Worker.csproj", "{434E1EAE-FD73-48FD-990B-DA33BC1FFD10}"
EndProject
Project("{2150E333-8FDC-42A3-9474-1A3956D46DE8}") = "Tests", "Tests", "{70035383-01A5-4089-8594-DAA4C3A09496}"
EndProject
Project("{2150E333-8FDC-42A3-9474-1A3956D46DE8}") = "Unit", "Unit", "{6EFDE373-2AC5-42FD-A365-3DEFDC129AEF}"
EndProject
Project("{9A19103F-16F7-4668-BE54-9A1E7A4F7556}") = "MlcAccounting.Api.Tests.Unit", "Tests\Unit\Api\MlcAccounting.Api.Tests.Unit.csproj", "{24F631A4-5717-441D-AE44-33A4A75C4FFC}"
EndProject
Project("{9A19103F-16F7-4668-BE54-9A1E7A4F7556}") = "MlcAccounting.Domain.Tests.Unit", "Tests\Unit\Domain\MlcAccounting.Domain.Tests.Unit.csproj", "{76D4F99B-8445-4888-9CED-F2A778527CC7}"
EndProject
Project("{9A19103F-16F7-4668-BE54-9A1E7A4F7556}") = "MlcAccounting.Infrastructure.Tests.Unit", "Tests\Unit\Infrastructure\MlcAccounting.Infrastructure.Tests.Unit.csproj", "{6E9A30F1-905B-4D79-90F4-5B16FCC5639C}"
EndProject
Project("{9A19103F-16F7-4668-BE54-9A1E7A4F7556}") = "MlcAccounting.Worker.Tests.Unit", "Tests\Unit\Worker\MlcAccounting.Worker.Tests.Unit.csproj", "{B3CE1554-748C-4662-9621-26EE03AC6B9E}"
EndProject
Project("{2150E333-8FDC-42A3-9474-1A3956D46DE8}") = "Integration", "Integration", "{57451A39-7FBE-4E41-AA9C-0A4C7293CB7B}"
EndProject
Project("{9A19103F-16F7-4668-BE54-9A1E7A4F7556}") = "MlcAccounting.Api.Tests.Integration", "Tests\Integration\Api\MlcAccounting.Api.Tests.Integration.csproj", "{D6C0942B-E57B-436C-AA82-5A5A7E3EF3FC}"
EndProject
Project("{9A19103F-16F7-4668-BE54-9A1E7A4F7556}") = "MlcAccounting.Worker.Tests.Integration", "Tests\Integration\Worker\MlcAccounting.Worker.Tests.Integration.csproj", "{5C1EC2C7-84D1-47C7-B706-8590A15BABF1}"
EndProject
Project("{2150E333-8FDC-42A3-9474-1A3956D46DE8}") = "Solution Items", "Solution Items", "{BA47256F-4299-42A7-A846-25505B4F08C3}"
	ProjectSection(SolutionItems) = preProject
		docker-compose.yml = docker-compose.yml
	EndProjectSection
EndProject
Global
	GlobalSection(SolutionConfigurationPlatforms) = preSolution
		Debug|Any CPU = Debug|Any CPU
		Release|Any CPU = Release|Any CPU
	EndGlobalSection
	GlobalSection(ProjectConfigurationPlatforms) = postSolution
		{7700BF07-2173-4CBE-A296-E85A473CC8A9}.Debug|Any CPU.ActiveCfg = Debug|Any CPU
		{7700BF07-2173-4CBE-A296-E85A473CC8A9}.Debug|Any CPU.Build.0 = Debug|Any CPU
		{7700BF07-2173-4CBE-A296-E85A473CC8A9}.Release|Any CPU.ActiveCfg = Release|Any CPU
		{7700BF07-2173-4CBE-A296-E85A473CC8A9}.Release|Any CPU.Build.0 = Release|Any CPU
		{DD7E16AB-602B-49DA-A5F3-DF92F9ADB82F}.Debug|Any CPU.ActiveCfg = Debug|Any CPU
		{DD7E16AB-602B-49DA-A5F3-DF92F9ADB82F}.Debug|Any CPU.Build.0 = Debug|Any CPU
		{DD7E16AB-602B-49DA-A5F3-DF92F9ADB82F}.Release|Any CPU.ActiveCfg = Release|Any CPU
		{DD7E16AB-602B-49DA-A5F3-DF92F9ADB82F}.Release|Any CPU.Build.0 = Release|Any CPU
		{6158A80A-E3D8-402D-8C17-BE0FD1EF2F48}.Debug|Any CPU.ActiveCfg = Debug|Any CPU
		{6158A80A-E3D8-402D-8C17-BE0FD1EF2F48}.Debug|Any CPU.Build.0 = Debug|Any CPU
		{6158A80A-E3D8-402D-8C17-BE0FD1EF2F48}.Release|Any CPU.ActiveCfg = Release|Any CPU
		{6158A80A-E3D8-402D-8C17-BE0FD1EF2F48}.Release|Any CPU.Build.0 = Release|Any CPU
		{434E1EAE-FD73-48FD-990B-DA33BC1FFD10}.Debug|Any CPU.ActiveCfg = Debug|Any CPU
		{434E1EAE-FD73-48FD-990B-DA33BC1FFD10}.Debug|Any CPU.Build.0 = Debug|Any CPU
		{434E1EAE-FD73-48FD-990B-DA33BC1FFD10}.Release|Any CPU.ActiveCfg = Release|Any CPU
		{434E1EAE-FD73-48FD-990B-DA33BC1FFD10}.Release|Any CPU.Build.0 = Release|Any CPU
		{24F631A4-5717-441D-AE44-33A4A75C4FFC}.Debug|Any CPU.ActiveCfg = Debug|Any CPU
		{24F631A4-5717-441D-AE44-33A4A75C4FFC}.Debug|Any CPU.Build.0 = Debug|Any CPU
		{24F631A4-5717-441D-AE44-33A4A75C4FFC}.Release|Any CPU.ActiveCfg = Release|Any CPU
		{24F631A4-5717-441D-AE44-33A4A75C4FFC}.Release|Any CPU.Build.0 = Release|Any CPU
		{76D4F99B-8445-4888-9CED-F2A778527CC7}.Debug|Any CPU.ActiveCfg = Debug|Any CPU
		{76D4F99B-8445-4888-9CED-F2A778527CC7}.Debug|Any CPU.Build.0 = Debug|Any CPU
		{76D4F99B-8445-4888-9CED-F2A778527CC7}.Release|Any CPU.ActiveCfg = Release|Any CPU
		{76D4F99B-8445-4888-9CED-F2A778527CC7}.Release|Any CPU.Build.0 = Release|Any CPU
		{6E9A30F1-905B-4D79-90F4-5B16FCC5639C}.Debug|Any CPU.ActiveCfg = Debug|Any CPU
		{6E9A30F1-905B-4D79-90F4-5B16FCC5639C}.Debug|Any CPU.Build.0 = Debug|Any CPU
		{6E9A30F1-905B-4D79-90F4-5B16FCC5639C}.Release|Any CPU.ActiveCfg = Release|Any CPU
		{6E9A30F1-905B-4D79-90F4-5B16FCC5639C}.Release|Any CPU.Build.0 = Release|Any CPU
		{B3CE1554-748C-4662-9621-26EE03AC6B9E}.Debug|Any CPU.ActiveCfg = Debug|Any CPU
		{B3CE1554-748C-4662-9621-26EE03AC6B9E}.Debug|Any CPU.Build.0 = Debug|Any CPU
		{B3CE1554-748C-4662-9621-26EE03AC6B9E}.Release|Any CPU.ActiveCfg = Release|Any CPU
		{B3CE1554-748C-4662-9621-26EE03AC6B9E}.Release|Any CPU.Build.0 = Release|Any CPU
		{D6C0942B-E57B-436C-AA82-5A5A7E3EF3FC}.Debug|Any CPU.ActiveCfg = Debug|Any CPU
		{D6C0942B-E57B-436C-AA82-5A5A7E3EF3FC}.Debug|Any CPU.Build.0 = Debug|Any CPU
		{D6C0942B-E57B-436C-AA82-5A5A7E3EF3FC}.Release|Any CPU.ActiveCfg = Release|Any CPU
		{D6C0942B-E57B-436C-AA82-5A5A7E3EF3FC}.Release|Any CPU.Build.0 = Release|Any CPU
		{5C1EC2C7-84D1-47C7-B706-8590A15BABF1}.Debug|Any CPU.ActiveCfg = Debug|Any CPU
		{5C1EC2C7-84D1-47C7-B706-8590A15BABF1}.Debug|Any CPU.Build.0 = Debug|Any CPU
		{5C1EC2C7-84D1-47C7-B706-8590A15BABF1}.Release|Any CPU.ActiveCfg = Release|Any CPU
		{5C1EC2C7-84D1-47C7-B706-8590A15BABF1}.Release|Any CPU.Build.0 = Release|Any CPU
	EndGlobalSection
	GlobalSection(SolutionProperties) = preSolution
		HideSolutionNode = FALSE
	EndGlobalSection
	GlobalSection(NestedProjects) = preSolution
		{7700BF07-2173-4CBE-A296-E85A473CC8A9} = {6DC99053-389A-4013-AA7B-A29C63679A2E}
		{DD7E16AB-602B-49DA-A5F3-DF92F9ADB82F} = {6DC99053-389A-4013-AA7B-A29C63679A2E}
		{6158A80A-E3D8-402D-8C17-BE0FD1EF2F48} = {6DC99053-389A-4013-AA7B-A29C63679A2E}
		{434E1EAE-FD73-48FD-990B-DA33BC1FFD10} = {6DC99053-389A-4013-AA7B-A29C63679A2E}
		{6EFDE373-2AC5-42FD-A365-3DEFDC129AEF} = {70035383-01A5-4089-8594-DAA4C3A09496}
		{24F631A4-5717-441D-AE44-33A4A75C4FFC} = {6EFDE373-2AC5-42FD-A365-3DEFDC129AEF}
		{76D4F99B-8445-4888-9CED-F2A778527CC7} = {6EFDE373-2AC5-42FD-A365-3DEFDC129AEF}
		{6E9A30F1-905B-4D79-90F4-5B16FCC5639C} = {6EFDE373-2AC5-42FD-A365-3DEFDC129AEF}
		{B3CE1554-748C-4662-9621-26EE03AC6B9E} = {6EFDE373-2AC5-42FD-A365-3DEFDC129AEF}
		{57451A39-7FBE-4E41-AA9C-0A4C7293CB7B} = {70035383-01A5-4089-8594-DAA4C3A09496}
		{D6C0942B-E57B-436C-AA82-5A5A7E3EF3FC} = {57451A39-7FBE-4E41-AA9C-0A4C7293CB7B}
		{5C1EC2C7-84D1-47C7-B706-8590A15BABF1} = {57451A39-7FBE-4E41-AA9C-0A4C7293CB7B}
	EndGlobalSection
	GlobalSection(ExtensibilityGlobals) = postSolution
		SolutionGuid = {CACE0408-B000-4EFE-9D5D-405118AB43A9}
	EndGlobalSection
EndGlobal
