
Microsoft Visual Studio Solution File, Format Version 12.00
# Visual Studio Version 17
VisualStudioVersion = 17.1.32328.378
MinimumVisualStudioVersion = 10.0.40219.1
Project("{2150E333-8FDC-42A3-9474-1A3956D46DE8}") = "Sources", "Sources", "{6DC99053-389A-4013-AA7B-A29C63679A2E}"
EndProject
Project("{9A19103F-16F7-4668-BE54-9A1E7A4F7556}") = "MlcAccounting.Domain", "Sources\Domain\MlcAccounting.Domain.csproj", "{DD7E16AB-602B-49DA-A5F3-DF92F9ADB82F}"
EndProject
Project("{9A19103F-16F7-4668-BE54-9A1E7A4F7556}") = "MlcAccounting.Infrastructure", "Sources\Infrastructure\MlcAccounting.Infrastructure.csproj", "{6158A80A-E3D8-402D-8C17-BE0FD1EF2F48}"
EndProject
Project("{2150E333-8FDC-42A3-9474-1A3956D46DE8}") = "Tests", "Tests", "{70035383-01A5-4089-8594-DAA4C3A09496}"
EndProject
Project("{2150E333-8FDC-42A3-9474-1A3956D46DE8}") = "Solution Items", "Solution Items", "{BA47256F-4299-42A7-A846-25505B4F08C3}"
	ProjectSection(SolutionItems) = preProject
		docker-compose.sh = docker-compose.sh
		docker-compose.yml = docker-compose.yml
	EndProjectSection
EndProject
Project("{9A19103F-16F7-4668-BE54-9A1E7A4F7556}") = "MlcAccounting.Common", "Sources\Common\MlcAccounting.Common.csproj", "{D7822683-CBC2-4D9C-A100-263AA0134128}"
EndProject
Project("{9A19103F-16F7-4668-BE54-9A1E7A4F7556}") = "MlcAccounting.Tests.Common", "Tests\Common\MlcAccounting.Tests.Common.csproj", "{56DD1175-DC52-41F9-88AA-78705E5E6C1F}"
EndProject
Project("{9A19103F-16F7-4668-BE54-9A1E7A4F7556}") = "MlcAccounting.Tests.Unit", "Tests\Unit\MlcAccounting.Tests.Unit.csproj", "{701AC32F-9943-4451-9483-6D4C5DB93714}"
EndProject
Project("{9A19103F-16F7-4668-BE54-9A1E7A4F7556}") = "MlcAccounting.Tests.Integration", "Tests\Integration\MlcAccounting.Tests.Integration.csproj", "{6FD7D54D-91B4-43B6-B6AF-0620B836A38C}"
EndProject
Project("{9A19103F-16F7-4668-BE54-9A1E7A4F7556}") = "MlcAccounting.Api", "Sources\Api\MlcAccounting.Api.csproj", "{09ABB95B-1C3C-43AD-BB26-1550ED4738F0}"
EndProject
Project("{9A19103F-16F7-4668-BE54-9A1E7A4F7556}") = "MlcAccounting.Referential", "Sources\Referential\MlcAccounting.Referential.csproj", "{DF70858A-8CD6-4D5E-9924-2BFC8FC84218}"
EndProject
Project("{9A19103F-16F7-4668-BE54-9A1E7A4F7556}") = "MlcAccounting.Integration", "Sources\Integration\MlcAccounting.Integration.csproj", "{BC7B2FDB-DDC3-4CD1-BDD9-5293E8593FE7}"
EndProject
Global
	GlobalSection(SolutionConfigurationPlatforms) = preSolution
		Debug|Any CPU = Debug|Any CPU
		Release|Any CPU = Release|Any CPU
	EndGlobalSection
	GlobalSection(ProjectConfigurationPlatforms) = postSolution
		{DD7E16AB-602B-49DA-A5F3-DF92F9ADB82F}.Debug|Any CPU.ActiveCfg = Debug|Any CPU
		{DD7E16AB-602B-49DA-A5F3-DF92F9ADB82F}.Debug|Any CPU.Build.0 = Debug|Any CPU
		{DD7E16AB-602B-49DA-A5F3-DF92F9ADB82F}.Release|Any CPU.ActiveCfg = Release|Any CPU
		{DD7E16AB-602B-49DA-A5F3-DF92F9ADB82F}.Release|Any CPU.Build.0 = Release|Any CPU
		{6158A80A-E3D8-402D-8C17-BE0FD1EF2F48}.Debug|Any CPU.ActiveCfg = Debug|Any CPU
		{6158A80A-E3D8-402D-8C17-BE0FD1EF2F48}.Debug|Any CPU.Build.0 = Debug|Any CPU
		{6158A80A-E3D8-402D-8C17-BE0FD1EF2F48}.Release|Any CPU.ActiveCfg = Release|Any CPU
		{6158A80A-E3D8-402D-8C17-BE0FD1EF2F48}.Release|Any CPU.Build.0 = Release|Any CPU
		{D7822683-CBC2-4D9C-A100-263AA0134128}.Debug|Any CPU.ActiveCfg = Debug|Any CPU
		{D7822683-CBC2-4D9C-A100-263AA0134128}.Debug|Any CPU.Build.0 = Debug|Any CPU
		{D7822683-CBC2-4D9C-A100-263AA0134128}.Release|Any CPU.ActiveCfg = Release|Any CPU
		{D7822683-CBC2-4D9C-A100-263AA0134128}.Release|Any CPU.Build.0 = Release|Any CPU
		{56DD1175-DC52-41F9-88AA-78705E5E6C1F}.Debug|Any CPU.ActiveCfg = Debug|Any CPU
		{56DD1175-DC52-41F9-88AA-78705E5E6C1F}.Debug|Any CPU.Build.0 = Debug|Any CPU
		{56DD1175-DC52-41F9-88AA-78705E5E6C1F}.Release|Any CPU.ActiveCfg = Release|Any CPU
		{56DD1175-DC52-41F9-88AA-78705E5E6C1F}.Release|Any CPU.Build.0 = Release|Any CPU
		{701AC32F-9943-4451-9483-6D4C5DB93714}.Debug|Any CPU.ActiveCfg = Debug|Any CPU
		{701AC32F-9943-4451-9483-6D4C5DB93714}.Debug|Any CPU.Build.0 = Debug|Any CPU
		{701AC32F-9943-4451-9483-6D4C5DB93714}.Release|Any CPU.ActiveCfg = Release|Any CPU
		{701AC32F-9943-4451-9483-6D4C5DB93714}.Release|Any CPU.Build.0 = Release|Any CPU
		{6FD7D54D-91B4-43B6-B6AF-0620B836A38C}.Debug|Any CPU.ActiveCfg = Debug|Any CPU
		{6FD7D54D-91B4-43B6-B6AF-0620B836A38C}.Debug|Any CPU.Build.0 = Debug|Any CPU
		{6FD7D54D-91B4-43B6-B6AF-0620B836A38C}.Release|Any CPU.ActiveCfg = Release|Any CPU
		{6FD7D54D-91B4-43B6-B6AF-0620B836A38C}.Release|Any CPU.Build.0 = Release|Any CPU
		{09ABB95B-1C3C-43AD-BB26-1550ED4738F0}.Debug|Any CPU.ActiveCfg = Debug|Any CPU
		{09ABB95B-1C3C-43AD-BB26-1550ED4738F0}.Debug|Any CPU.Build.0 = Debug|Any CPU
		{09ABB95B-1C3C-43AD-BB26-1550ED4738F0}.Release|Any CPU.ActiveCfg = Release|Any CPU
		{09ABB95B-1C3C-43AD-BB26-1550ED4738F0}.Release|Any CPU.Build.0 = Release|Any CPU
		{DF70858A-8CD6-4D5E-9924-2BFC8FC84218}.Debug|Any CPU.ActiveCfg = Debug|Any CPU
		{DF70858A-8CD6-4D5E-9924-2BFC8FC84218}.Debug|Any CPU.Build.0 = Debug|Any CPU
		{DF70858A-8CD6-4D5E-9924-2BFC8FC84218}.Release|Any CPU.ActiveCfg = Release|Any CPU
		{DF70858A-8CD6-4D5E-9924-2BFC8FC84218}.Release|Any CPU.Build.0 = Release|Any CPU
		{BC7B2FDB-DDC3-4CD1-BDD9-5293E8593FE7}.Debug|Any CPU.ActiveCfg = Debug|Any CPU
		{BC7B2FDB-DDC3-4CD1-BDD9-5293E8593FE7}.Debug|Any CPU.Build.0 = Debug|Any CPU
		{BC7B2FDB-DDC3-4CD1-BDD9-5293E8593FE7}.Release|Any CPU.ActiveCfg = Release|Any CPU
		{BC7B2FDB-DDC3-4CD1-BDD9-5293E8593FE7}.Release|Any CPU.Build.0 = Release|Any CPU
	EndGlobalSection
	GlobalSection(SolutionProperties) = preSolution
		HideSolutionNode = FALSE
	EndGlobalSection
	GlobalSection(NestedProjects) = preSolution
		{DD7E16AB-602B-49DA-A5F3-DF92F9ADB82F} = {6DC99053-389A-4013-AA7B-A29C63679A2E}
		{6158A80A-E3D8-402D-8C17-BE0FD1EF2F48} = {6DC99053-389A-4013-AA7B-A29C63679A2E}
		{D7822683-CBC2-4D9C-A100-263AA0134128} = {6DC99053-389A-4013-AA7B-A29C63679A2E}
		{56DD1175-DC52-41F9-88AA-78705E5E6C1F} = {70035383-01A5-4089-8594-DAA4C3A09496}
		{701AC32F-9943-4451-9483-6D4C5DB93714} = {70035383-01A5-4089-8594-DAA4C3A09496}
		{6FD7D54D-91B4-43B6-B6AF-0620B836A38C} = {70035383-01A5-4089-8594-DAA4C3A09496}
		{09ABB95B-1C3C-43AD-BB26-1550ED4738F0} = {6DC99053-389A-4013-AA7B-A29C63679A2E}
		{DF70858A-8CD6-4D5E-9924-2BFC8FC84218} = {6DC99053-389A-4013-AA7B-A29C63679A2E}
		{BC7B2FDB-DDC3-4CD1-BDD9-5293E8593FE7} = {6DC99053-389A-4013-AA7B-A29C63679A2E}
	EndGlobalSection
	GlobalSection(ExtensibilityGlobals) = postSolution
		SolutionGuid = {CACE0408-B000-4EFE-9D5D-405118AB43A9}
	EndGlobalSection
EndGlobal
